{
  "name": "Insta",
  "lockfileVersion": 2,
  "requires": true,
  "packages": {
    "": {
      "dependencies": {
        "@alan-ai/alan-sdk-web": "^1.8.42"
      }
    },
    "node_modules/@alan-ai/alan-sdk-web": {
      "version": "1.8.42",
      "resolved": "https://registry.npmjs.org/@alan-ai/alan-sdk-web/-/alan-sdk-web-1.8.42.tgz",
      "integrity": "sha512-HcZ0FGgIJ7I62m4V5t/vMy1ENivpTG7625YJAPSfvykU43f81iDPVi97/6Ni0mYs2htUXq0JVP5FMrQ6JEnVcg=="
    }
  },
  "dependencies": {
    "@alan-ai/alan-sdk-web": {
      "version": "1.8.42",
      "resolved": "https://registry.npmjs.org/@alan-ai/alan-sdk-web/-/alan-sdk-web-1.8.42.tgz",
      "integrity": "sha512-HcZ0FGgIJ7I62m4V5t/vMy1ENivpTG7625YJAPSfvykU43f81iDPVi97/6Ni0mYs2htUXq0JVP5FMrQ6JEnVcg=="
    }
  }
}
